
Microsoft Visual Studio Solution File, Format Version 12.00
# Visual Studio Version 16
VisualStudioVersion = 16.0.29806.167
MinimumVisualStudioVersion = 10.0.40219.1
Project("{FAE04EC0-301F-11D3-BF4B-00C04F79EFBC}") = "CollegeSystem.Api", "CollegeSystem.Api\CollegeSystem.Api.csproj", "{CFC0A6B5-0F5A-4A15-85F0-C84E156C0707}"
EndProject
Project("{FAE04EC0-301F-11D3-BF4B-00C04F79EFBC}") = "CollegeSystem.Repositories", "CollegeSystem.DataAccess\CollegeSystem.Repositories.csproj", "{D57AF9A8-6C57-4DE2-9C8C-D790AD86DE03}"
EndProject
Project("{FAE04EC0-301F-11D3-BF4B-00C04F79EFBC}") = "CollegeSystem.DataModels", "CollegeSystem.DataModels\CollegeSystem.DataModels.csproj", "{96E7170F-6A59-4A96-B543-9D53CE1EB3E9}"
EndProject
Project("{FAE04EC0-301F-11D3-BF4B-00C04F79EFBC}") = "CollegeSystem.Services", "CollegeSystem.Services\CollegeSystem.Services.csproj", "{E1E02A6C-B996-459E-8342-734BE9355FD0}"
EndProject
Project("{FAE04EC0-301F-11D3-BF4B-00C04F79EFBC}") = "CollegeSystem.Models", "CollegeSystem.Models\CollegeSystem.Models.csproj", "{950020C5-A48F-4BB0-9376-479CA52DF126}"
EndProject
Global
	GlobalSection(SolutionConfigurationPlatforms) = preSolution
		Debug|Any CPU = Debug|Any CPU
		Release|Any CPU = Release|Any CPU
	EndGlobalSection
	GlobalSection(ProjectConfigurationPlatforms) = postSolution
		{CFC0A6B5-0F5A-4A15-85F0-C84E156C0707}.Debug|Any CPU.ActiveCfg = Debug|Any CPU
		{CFC0A6B5-0F5A-4A15-85F0-C84E156C0707}.Debug|Any CPU.Build.0 = Debug|Any CPU
		{CFC0A6B5-0F5A-4A15-85F0-C84E156C0707}.Release|Any CPU.ActiveCfg = Release|Any CPU
		{CFC0A6B5-0F5A-4A15-85F0-C84E156C0707}.Release|Any CPU.Build.0 = Release|Any CPU
		{D57AF9A8-6C57-4DE2-9C8C-D790AD86DE03}.Debug|Any CPU.ActiveCfg = Debug|Any CPU
		{D57AF9A8-6C57-4DE2-9C8C-D790AD86DE03}.Debug|Any CPU.Build.0 = Debug|Any CPU
		{D57AF9A8-6C57-4DE2-9C8C-D790AD86DE03}.Release|Any CPU.ActiveCfg = Release|Any CPU
		{D57AF9A8-6C57-4DE2-9C8C-D790AD86DE03}.Release|Any CPU.Build.0 = Release|Any CPU
		{96E7170F-6A59-4A96-B543-9D53CE1EB3E9}.Debug|Any CPU.ActiveCfg = Debug|Any CPU
		{96E7170F-6A59-4A96-B543-9D53CE1EB3E9}.Debug|Any CPU.Build.0 = Debug|Any CPU
		{96E7170F-6A59-4A96-B543-9D53CE1EB3E9}.Release|Any CPU.ActiveCfg = Release|Any CPU
		{96E7170F-6A59-4A96-B543-9D53CE1EB3E9}.Release|Any CPU.Build.0 = Release|Any CPU
		{E1E02A6C-B996-459E-8342-734BE9355FD0}.Debug|Any CPU.ActiveCfg = Debug|Any CPU
		{E1E02A6C-B996-459E-8342-734BE9355FD0}.Debug|Any CPU.Build.0 = Debug|Any CPU
		{E1E02A6C-B996-459E-8342-734BE9355FD0}.Release|Any CPU.ActiveCfg = Release|Any CPU
		{E1E02A6C-B996-459E-8342-734BE9355FD0}.Release|Any CPU.Build.0 = Release|Any CPU
		{950020C5-A48F-4BB0-9376-479CA52DF126}.Debug|Any CPU.ActiveCfg = Debug|Any CPU
		{950020C5-A48F-4BB0-9376-479CA52DF126}.Debug|Any CPU.Build.0 = Debug|Any CPU
		{950020C5-A48F-4BB0-9376-479CA52DF126}.Release|Any CPU.ActiveCfg = Release|Any CPU
		{950020C5-A48F-4BB0-9376-479CA52DF126}.Release|Any CPU.Build.0 = Release|Any CPU
	EndGlobalSection
	GlobalSection(SolutionProperties) = preSolution
		HideSolutionNode = FALSE
	EndGlobalSection
	GlobalSection(ExtensibilityGlobals) = postSolution
		SolutionGuid = {3023D9E1-8091-44AE-B890-B800EBFECAED}
	EndGlobalSection
EndGlobal
